
Microsoft Visual Studio Solution File, Format Version 11.00
# Visual Studio 2010
Project("{F184B08F-C81C-45F6-A57F-5ABD9991F28F}") = "DBF", "DBF\DBF.vbproj", "{E75779DC-01A4-409E-A5BB-A163CB4770D4}"
EndProject
Project("{F184B08F-C81C-45F6-A57F-5ABD9991F28F}") = "Utilitario", "Utilitario\Utilitario.vbproj", "{2AFDFAD1-63B9-4170-B36F-7EF6460428E8}"
EndProject
Global
	GlobalSection(SolutionConfigurationPlatforms) = preSolution
		Debug|Any CPU = Debug|Any CPU
		Debug|x64 = Debug|x64
		Debug|x86 = Debug|x86
		Release|Any CPU = Release|Any CPU
		Release|x64 = Release|x64
		Release|x86 = Release|x86
	EndGlobalSection
	GlobalSection(ProjectConfigurationPlatforms) = postSolution
		{E75779DC-01A4-409E-A5BB-A163CB4770D4}.Debug|Any CPU.ActiveCfg = Debug|x86
		{E75779DC-01A4-409E-A5BB-A163CB4770D4}.Debug|x64.ActiveCfg = Debug|x86
		{E75779DC-01A4-409E-A5BB-A163CB4770D4}.Debug|x86.ActiveCfg = Debug|x86
		{E75779DC-01A4-409E-A5BB-A163CB4770D4}.Debug|x86.Build.0 = Debug|x86
		{E75779DC-01A4-409E-A5BB-A163CB4770D4}.Release|Any CPU.ActiveCfg = Release|x86
		{E75779DC-01A4-409E-A5BB-A163CB4770D4}.Release|x64.ActiveCfg = Release|x86
		{E75779DC-01A4-409E-A5BB-A163CB4770D4}.Release|x86.ActiveCfg = Release|x86
		{E75779DC-01A4-409E-A5BB-A163CB4770D4}.Release|x86.Build.0 = Release|x86
		{2AFDFAD1-63B9-4170-B36F-7EF6460428E8}.Debug|Any CPU.ActiveCfg = Debug|Any CPU
		{2AFDFAD1-63B9-4170-B36F-7EF6460428E8}.Debug|Any CPU.Build.0 = Debug|Any CPU
		{2AFDFAD1-63B9-4170-B36F-7EF6460428E8}.Debug|x64.ActiveCfg = Debug|x64
		{2AFDFAD1-63B9-4170-B36F-7EF6460428E8}.Debug|x64.Build.0 = Debug|x64
		{2AFDFAD1-63B9-4170-B36F-7EF6460428E8}.Debug|x86.ActiveCfg = Debug|x86
		{2AFDFAD1-63B9-4170-B36F-7EF6460428E8}.Debug|x86.Build.0 = Debug|x86
		{2AFDFAD1-63B9-4170-B36F-7EF6460428E8}.Release|Any CPU.ActiveCfg = Release|Any CPU
		{2AFDFAD1-63B9-4170-B36F-7EF6460428E8}.Release|Any CPU.Build.0 = Release|Any CPU
		{2AFDFAD1-63B9-4170-B36F-7EF6460428E8}.Release|x64.ActiveCfg = Release|x64
		{2AFDFAD1-63B9-4170-B36F-7EF6460428E8}.Release|x64.Build.0 = Release|x64
		{2AFDFAD1-63B9-4170-B36F-7EF6460428E8}.Release|x86.ActiveCfg = Release|x86
		{2AFDFAD1-63B9-4170-B36F-7EF6460428E8}.Release|x86.Build.0 = Release|x86
	EndGlobalSection
	GlobalSection(SolutionProperties) = preSolution
		HideSolutionNode = FALSE
	EndGlobalSection
EndGlobal
