Microsoft Visual Studio Solution File, Format Version 8.00
Project("{F184B08F-C81C-45F6-A57F-5ABD9991F28F}") = "Utilitario", "Utilitario.vbproj", "{2AFDFAD1-63B9-4170-B36F-7EF6460428E8}"
	ProjectSection(ProjectDependencies) = postProject
	EndProjectSection
EndProject
Global
	GlobalSection(SolutionConfiguration) = preSolution
		Debug = Debug
		Release = Release
	EndGlobalSection
	GlobalSection(ProjectDependencies) = postSolution
	EndGlobalSection
	GlobalSection(ProjectConfiguration) = postSolution
		{2AFDFAD1-63B9-4170-B36F-7EF6460428E8}.Debug.ActiveCfg = Debug|.NET
		{2AFDFAD1-63B9-4170-B36F-7EF6460428E8}.Debug.Build.0 = Debug|.NET
		{2AFDFAD1-63B9-4170-B36F-7EF6460428E8}.Release.ActiveCfg = Release|.NET
		{2AFDFAD1-63B9-4170-B36F-7EF6460428E8}.Release.Build.0 = Release|.NET
	EndGlobalSection
	GlobalSection(ExtensibilityGlobals) = postSolution
	EndGlobalSection
	GlobalSection(ExtensibilityAddIns) = postSolution
	EndGlobalSection
EndGlobal
